// !$*UTF8*$!
{
	archiveVersion = 1;
	classes = {
	};
	objectVersion = 55;
	objects = {

/* Begin PBXBuildFile section */
		A555A607273212CB0008A80A /* JWTEncoder.swift in Sources */ = {isa = PBXBuildFile; fileRef = A555A606273212CB0008A80A /* JWTEncoder.swift */; };
		A555A60927322A650008A80A /* DeviceToken.swift in Sources */ = {isa = PBXBuildFile; fileRef = A555A60827322A650008A80A /* DeviceToken.swift */; };
		A555A60C273383910008A80A /* JWTKit in Frameworks */ = {isa = PBXBuildFile; productRef = A555A60B273383910008A80A /* JWTKit */; };
		A5D7AD4B27029DBC00B4068F /* ApnsPusherApp.swift in Sources */ = {isa = PBXBuildFile; fileRef = A5D7AD4A27029DBC00B4068F /* ApnsPusherApp.swift */; };
		A5D7AD4D27029DBC00B4068F /* ContentView.swift in Sources */ = {isa = PBXBuildFile; fileRef = A5D7AD4C27029DBC00B4068F /* ContentView.swift */; };
		A5D7AD4F27029DC000B4068F /* Assets.xcassets in Resources */ = {isa = PBXBuildFile; fileRef = A5D7AD4E27029DC000B4068F /* Assets.xcassets */; };
		A5D7AD5227029DC000B4068F /* Preview Assets.xcassets in Resources */ = {isa = PBXBuildFile; fileRef = A5D7AD5127029DC000B4068F /* Preview Assets.xcassets */; };
		A5D7AD5A27029E6900B4068F /* ContentViewModel.swift in Sources */ = {isa = PBXBuildFile; fileRef = A5D7AD5927029E6900B4068F /* ContentViewModel.swift */; };
/* End PBXBuildFile section */

/* Begin PBXFileReference section */
		A555A606273212CB0008A80A /* JWTEncoder.swift */ = {isa = PBXFileReference; lastKnownFileType = sourcecode.swift; path = JWTEncoder.swift; sourceTree = "<group>"; };
		A555A60827322A650008A80A /* DeviceToken.swift */ = {isa = PBXFileReference; lastKnownFileType = sourcecode.swift; path = DeviceToken.swift; sourceTree = "<group>"; };
		A5D7AD4727029DBC00B4068F /* ApnsPusher.app */ = {isa = PBXFileReference; explicitFileType = wrapper.application; includeInIndex = 0; path = ApnsPusher.app; sourceTree = BUILT_PRODUCTS_DIR; };
		A5D7AD4A27029DBC00B4068F /* ApnsPusherApp.swift */ = {isa = PBXFileReference; lastKnownFileType = sourcecode.swift; path = ApnsPusherApp.swift; sourceTree = "<group>"; };
		A5D7AD4C27029DBC00B4068F /* ContentView.swift */ = {isa = PBXFileReference; lastKnownFileType = sourcecode.swift; path = ContentView.swift; sourceTree = "<group>"; };
		A5D7AD4E27029DC000B4068F /* Assets.xcassets */ = {isa = PBXFileReference; lastKnownFileType = folder.assetcatalog; path = Assets.xcassets; sourceTree = "<group>"; };
		A5D7AD5127029DC000B4068F /* Preview Assets.xcassets */ = {isa = PBXFileReference; lastKnownFileType = folder.assetcatalog; path = "Preview Assets.xcassets"; sourceTree = "<group>"; };
		A5D7AD5327029DC000B4068F /* ApnsPusher.entitlements */ = {isa = PBXFileReference; lastKnownFileType = text.plist.entitlements; path = ApnsPusher.entitlements; sourceTree = "<group>"; };
		A5D7AD5927029E6900B4068F /* ContentViewModel.swift */ = {isa = PBXFileReference; lastKnownFileType = sourcecode.swift; path = ContentViewModel.swift; sourceTree = "<group>"; };
/* End PBXFileReference section */

/* Begin PBXFrameworksBuildPhase section */
		A5D7AD4427029DBC00B4068F /* Frameworks */ = {
			isa = PBXFrameworksBuildPhase;
			buildActionMask = 2147483647;
			files = (
				A555A60C273383910008A80A /* JWTKit in Frameworks */,
			);
			runOnlyForDeploymentPostprocessing = 0;
		};
/* End PBXFrameworksBuildPhase section */

/* Begin PBXGroup section */
		A5D7AD3E27029DBC00B4068F = {
			isa = PBXGroup;
			children = (
				A5D7AD4927029DBC00B4068F /* ApnsPusher */,
				A5D7AD4827029DBC00B4068F /* Products */,
			);
			sourceTree = "<group>";
		};
		A5D7AD4827029DBC00B4068F /* Products */ = {
			isa = PBXGroup;
			children = (
				A5D7AD4727029DBC00B4068F /* ApnsPusher.app */,
			);
			name = Products;
			sourceTree = "<group>";
		};
		A5D7AD4927029DBC00B4068F /* ApnsPusher */ = {
			isa = PBXGroup;
			children = (
				A5D7AD4A27029DBC00B4068F /* ApnsPusherApp.swift */,
				A5D7AD4C27029DBC00B4068F /* ContentView.swift */,
				A5D7AD4E27029DC000B4068F /* Assets.xcassets */,
				A5D7AD5327029DC000B4068F /* ApnsPusher.entitlements */,
				A5D7AD5027029DC000B4068F /* Preview Content */,
				A5D7AD5927029E6900B4068F /* ContentViewModel.swift */,
				A555A606273212CB0008A80A /* JWTEncoder.swift */,
				A555A60827322A650008A80A /* DeviceToken.swift */,
			);
			path = ApnsPusher;
			sourceTree = "<group>";
		};
		A5D7AD5027029DC000B4068F /* Preview Content */ = {
			isa = PBXGroup;
			children = (
				A5D7AD5127029DC000B4068F /* Preview Assets.xcassets */,
			);
			path = "Preview Content";
			sourceTree = "<group>";
		};
/* End PBXGroup section */

/* Begin PBXNativeTarget section */
		A5D7AD4627029DBC00B4068F /* ApnsPusher */ = {
			isa = PBXNativeTarget;
			buildConfigurationList = A5D7AD5627029DC000B4068F /* Build configuration list for PBXNativeTarget "ApnsPusher" */;
			buildPhases = (
				A5D7AD4327029DBC00B4068F /* Sources */,
				A5D7AD4427029DBC00B4068F /* Frameworks */,
				A5D7AD4527029DBC00B4068F /* Resources */,
			);
			buildRules = (
			);
			dependencies = (
			);
			name = ApnsPusher;
			packageProductDependencies = (
				A555A60B273383910008A80A /* JWTKit */,
			);
			productName = ApnsPusher;
			productReference = A5D7AD4727029DBC00B4068F /* ApnsPusher.app */;
			productType = "com.apple.product-type.application";
		};
/* End PBXNativeTarget section */

/* Begin PBXProject section */
		A5D7AD3F27029DBC00B4068F /* Project object */ = {
			isa = PBXProject;
			attributes = {
				BuildIndependentTargetsInParallel = 1;
				LastSwiftUpdateCheck = 1300;
				LastUpgradeCheck = 1300;
				TargetAttributes = {
					A5D7AD4627029DBC00B4068F = {
						CreatedOnToolsVersion = 13.0;
					};
				};
			};
			buildConfigurationList = A5D7AD4227029DBC00B4068F /* Build configuration list for PBXProject "ApnsPusher" */;
			compatibilityVersion = "Xcode 13.0";
			developmentRegion = en;
			hasScannedForEncodings = 0;
			knownRegions = (
				en,
				Base,
			);
			mainGroup = A5D7AD3E27029DBC00B4068F;
			packageReferences = (
				A555A60A273383910008A80A /* XCRemoteSwiftPackageReference "jwt-kit" */,
			);
			productRefGroup = A5D7AD4827029DBC00B4068F /* Products */;
			projectDirPath = "";
			projectRoot = "";
			targets = (
				A5D7AD4627029DBC00B4068F /* ApnsPusher */,
			);
		};
/* End PBXProject section */

/* Begin PBXResourcesBuildPhase section */
		A5D7AD4527029DBC00B4068F /* Resources */ = {
			isa = PBXResourcesBuildPhase;
			buildActionMask = 2147483647;
			files = (
				A5D7AD5227029DC000B4068F /* Preview Assets.xcassets in Resources */,
				A5D7AD4F27029DC000B4068F /* Assets.xcassets in Resources */,
			);
			runOnlyForDeploymentPostprocessing = 0;
		};
/* End PBXResourcesBuildPhase section */

/* Begin PBXSourcesBuildPhase section */
		A5D7AD4327029DBC00B4068F /* Sources */ = {
			isa = PBXSourcesBuildPhase;
			buildActionMask = 2147483647;
			files = (
				A555A607273212CB0008A80A /* JWTEncoder.swift in Sources */,
				A5D7AD4D27029DBC00B4068F /* ContentView.swift in Sources */,
				A5D7AD4B27029DBC00B4068F /* ApnsPusherApp.swift in Sources */,
				A555A60927322A650008A80A /* DeviceToken.swift in Sources */,
				A5D7AD5A27029E6900B4068F /* ContentViewModel.swift in Sources */,
			);
			runOnlyForDeploymentPostprocessing = 0;
		};
/* End PBXSourcesBuildPhase section */

/* Begin XCBuildConfiguration section */
		A5D7AD5427029DC000B4068F /* Debug */ = {
			isa = XCBuildConfiguration;
			buildSettings = {
				ALWAYS_SEARCH_USER_PATHS = NO;
				CLANG_ANALYZER_NONNULL = YES;
				CLANG_ANALYZER_NUMBER_OBJECT_CONVERSION = YES_AGGRESSIVE;
				CLANG_CXX_LANGUAGE_STANDARD = "gnu++17";
				CLANG_CXX_LIBRARY = "libc++";
				CLANG_ENABLE_MODULES = YES;
				CLANG_ENABLE_OBJC_ARC = YES;
				CLANG_ENABLE_OBJC_WEAK = YES;
				CLANG_WARN_BLOCK_CAPTURE_AUTORELEASING = YES;
				CLANG_WARN_BOOL_CONVERSION = YES;
				CLANG_WARN_COMMA = YES;
				CLANG_WARN_CONSTANT_CONVERSION = YES;
				CLANG_WARN_DEPRECATED_OBJC_IMPLEMENTATIONS = YES;
				CLANG_WARN_DIRECT_OBJC_ISA_USAGE = YES_ERROR;
				CLANG_WARN_DOCUMENTATION_COMMENTS = YES;
				CLANG_WARN_EMPTY_BODY = YES;
				CLANG_WARN_ENUM_CONVERSION = YES;
				CLANG_WARN_INFINITE_RECURSION = YES;
				CLANG_WARN_INT_CONVERSION = YES;
				CLANG_WARN_NON_LITERAL_NULL_CONVERSION = YES;
				CLANG_WARN_OBJC_IMPLICIT_RETAIN_SELF = YES;
				CLANG_WARN_OBJC_LITERAL_CONVERSION = YES;
				CLANG_WARN_OBJC_ROOT_CLASS = YES_ERROR;
				CLANG_WARN_QUOTED_INCLUDE_IN_FRAMEWORK_HEADER = YES;
				CLANG_WARN_RANGE_LOOP_ANALYSIS = YES;
				CLANG_WARN_STRICT_PROTOTYPES = YES;
				CLANG_WARN_SUSPICIOUS_MOVE = YES;
				CLANG_WARN_UNGUARDED_AVAILABILITY = YES_AGGRESSIVE;
				CLANG_WARN_UNREACHABLE_CODE = YES;
				CLANG_WARN__DUPLICATE_METHOD_MATCH = YES;
				COPY_PHASE_STRIP = NO;
				DEBUG_INFORMATION_FORMAT = dwarf;
				ENABLE_STRICT_OBJC_MSGSEND = YES;
				ENABLE_TESTABILITY = YES;
				GCC_C_LANGUAGE_STANDARD = gnu11;
				GCC_DYNAMIC_NO_PIC = NO;
				GCC_NO_COMMON_BLOCKS = YES;
				GCC_OPTIMIZATION_LEVEL = 0;
				GCC_PREPROCESSOR_DEFINITIONS = (
					"DEBUG=1",
					"$(inherited)",
				);
				GCC_WARN_64_TO_32_BIT_CONVERSION = YES;
				GCC_WARN_ABOUT_RETURN_TYPE = YES_ERROR;
				GCC_WARN_UNDECLARED_SELECTOR = YES;
				GCC_WARN_UNINITIALIZED_AUTOS = YES_AGGRESSIVE;
				GCC_WARN_UNUSED_FUNCTION = YES;
				GCC_WARN_UNUSED_VARIABLE = YES;
				MACOSX_DEPLOYMENT_TARGET = 11.3;
				MTL_ENABLE_DEBUG_INFO = INCLUDE_SOURCE;
				MTL_FAST_MATH = YES;
				ONLY_ACTIVE_ARCH = YES;
				SDKROOT = macosx;
				SWIFT_ACTIVE_COMPILATION_CONDITIONS = DEBUG;
				SWIFT_OPTIMIZATION_LEVEL = "-Onone";
			};
			name = Debug;
		};
		A5D7AD5527029DC000B4068F /* Release */ = {
			isa = XCBuildConfiguration;
			buildSettings = {
				ALWAYS_SEARCH_USER_PATHS = NO;
				CLANG_ANALYZER_NONNULL = YES;
				CLANG_ANALYZER_NUMBER_OBJECT_CONVERSION = YES_AGGRESSIVE;
				CLANG_CXX_LANGUAGE_STANDARD = "gnu++17";
				CLANG_CXX_LIBRARY = "libc++";
				CLANG_ENABLE_MODULES = YES;
				CLANG_ENABLE_OBJC_ARC = YES;
				CLANG_ENABLE_OBJC_WEAK = YES;
				CLANG_WARN_BLOCK_CAPTURE_AUTORELEASING = YES;
				CLANG_WARN_BOOL_CONVERSION = YES;
				CLANG_WARN_COMMA = YES;
				CLANG_WARN_CONSTANT_CONVERSION = YES;
				CLANG_WARN_DEPRECATED_OBJC_IMPLEMENTATIONS = YES;
				CLANG_WARN_DIRECT_OBJC_ISA_USAGE = YES_ERROR;
				CLANG_WARN_DOCUMENTATION_COMMENTS = YES;
				CLANG_WARN_EMPTY_BODY = YES;
				CLANG_WARN_ENUM_CONVERSION = YES;
				CLANG_WARN_INFINITE_RECURSION = YES;
				CLANG_WARN_INT_CONVERSION = YES;
				CLANG_WARN_NON_LITERAL_NULL_CONVERSION = YES;
				CLANG_WARN_OBJC_IMPLICIT_RETAIN_SELF = YES;
				CLANG_WARN_OBJC_LITERAL_CONVERSION = YES;
				CLANG_WARN_OBJC_ROOT_CLASS = YES_ERROR;
				CLANG_WARN_QUOTED_INCLUDE_IN_FRAMEWORK_HEADER = YES;
				CLANG_WARN_RANGE_LOOP_ANALYSIS = YES;
				CLANG_WARN_STRICT_PROTOTYPES = YES;
				CLANG_WARN_SUSPICIOUS_MOVE = YES;
				CLANG_WARN_UNGUARDED_AVAILABILITY = YES_AGGRESSIVE;
				CLANG_WARN_UNREACHABLE_CODE = YES;
				CLANG_WARN__DUPLICATE_METHOD_MATCH = YES;
				COPY_PHASE_STRIP = NO;
				DEBUG_INFORMATION_FORMAT = "dwarf-with-dsym";
				ENABLE_NS_ASSERTIONS = NO;
				ENABLE_STRICT_OBJC_MSGSEND = YES;
				GCC_C_LANGUAGE_STANDARD = gnu11;
				GCC_NO_COMMON_BLOCKS = YES;
				GCC_WARN_64_TO_32_BIT_CONVERSION = YES;
				GCC_WARN_ABOUT_RETURN_TYPE = YES_ERROR;
				GCC_WARN_UNDECLARED_SELECTOR = YES;
				GCC_WARN_UNINITIALIZED_AUTOS = YES_AGGRESSIVE;
				GCC_WARN_UNUSED_FUNCTION = YES;
				GCC_WARN_UNUSED_VARIABLE = YES;
				MACOSX_DEPLOYMENT_TARGET = 11.3;
				MTL_ENABLE_DEBUG_INFO = NO;
				MTL_FAST_MATH = YES;
				SDKROOT = macosx;
				SWIFT_COMPILATION_MODE = wholemodule;
				SWIFT_OPTIMIZATION_LEVEL = "-O";
			};
			name = Release;
		};
		A5D7AD5727029DC000B4068F /* Debug */ = {
			isa = XCBuildConfiguration;
			buildSettings = {
				ASSETCATALOG_COMPILER_APPICON_NAME = AppIcon;
				ASSETCATALOG_COMPILER_GLOBAL_ACCENT_COLOR_NAME = AccentColor;
				CODE_SIGN_ENTITLEMENTS = ApnsPusher/ApnsPusher.entitlements;
				CODE_SIGN_STYLE = Automatic;
				COMBINE_HIDPI_IMAGES = YES;
				CURRENT_PROJECT_VERSION = 1;
				DEVELOPMENT_ASSET_PATHS = "\"ApnsPusher/Preview Content\"";
				ENABLE_PREVIEWS = YES;
				GENERATE_INFOPLIST_FILE = YES;
				INFOPLIST_KEY_NSHumanReadableCopyright = "";
				LD_RUNPATH_SEARCH_PATHS = (
					"$(inherited)",
					"@executable_path/../Frameworks",
				);
				MACOSX_DEPLOYMENT_TARGET = 11.0;
				MARKETING_VERSION = 1.0;
				PRODUCT_BUNDLE_IDENTIFIER = come.example.ApnsPusher;
				PRODUCT_NAME = "$(TARGET_NAME)";
				SWIFT_EMIT_LOC_STRINGS = YES;
				SWIFT_VERSION = 5.0;
			};
			name = Debug;
		};
		A5D7AD5827029DC000B4068F /* Release */ = {
			isa = XCBuildConfiguration;
			buildSettings = {
				ASSETCATALOG_COMPILER_APPICON_NAME = AppIcon;
				ASSETCATALOG_COMPILER_GLOBAL_ACCENT_COLOR_NAME = AccentColor;
				CODE_SIGN_ENTITLEMENTS = ApnsPusher/ApnsPusher.entitlements;
				CODE_SIGN_STYLE = Automatic;
				COMBINE_HIDPI_IMAGES = YES;
				CURRENT_PROJECT_VERSION = 1;
				DEVELOPMENT_ASSET_PATHS = "\"ApnsPusher/Preview Content\"";
				ENABLE_PREVIEWS = YES;
				GENERATE_INFOPLIST_FILE = YES;
				INFOPLIST_KEY_NSHumanReadableCopyright = "";
				LD_RUNPATH_SEARCH_PATHS = (
					"$(inherited)",
					"@executable_path/../Frameworks",
				);
				MACOSX_DEPLOYMENT_TARGET = 11.0;
				MARKETING_VERSION = 1.0;
				PRODUCT_BUNDLE_IDENTIFIER = come.example.ApnsPusher;
				PRODUCT_NAME = "$(TARGET_NAME)";
				SWIFT_EMIT_LOC_STRINGS = YES;
				SWIFT_VERSION = 5.0;
			};
			name = Release;
		};
/* End XCBuildConfiguration section */

/* Begin XCConfigurationList section */
		A5D7AD4227029DBC00B4068F /* Build configuration list for PBXProject "ApnsPusher" */ = {
			isa = XCConfigurationList;
			buildConfigurations = (
				A5D7AD5427029DC000B4068F /* Debug */,
				A5D7AD5527029DC000B4068F /* Release */,
			);
			defaultConfigurationIsVisible = 0;
			defaultConfigurationName = Release;
		};
		A5D7AD5627029DC000B4068F /* Build configuration list for PBXNativeTarget "ApnsPusher" */ = {
			isa = XCConfigurationList;
			buildConfigurations = (
				A5D7AD5727029DC000B4068F /* Debug */,
				A5D7AD5827029DC000B4068F /* Release */,
			);
			defaultConfigurationIsVisible = 0;
			defaultConfigurationName = Release;
		};
/* End XCConfigurationList section */

/* Begin XCRemoteSwiftPackageReference section */
		A555A60A273383910008A80A /* XCRemoteSwiftPackageReference "jwt-kit" */ = {
			isa = XCRemoteSwiftPackageReference;
			repositoryURL = "https://github.com/vapor/jwt-kit.git";
			requirement = {
				kind = upToNextMajorVersion;
				minimumVersion = 4.0.0;
			};
		};
/* End XCRemoteSwiftPackageReference section */

/* Begin XCSwiftPackageProductDependency section */
		A555A60B273383910008A80A /* JWTKit */ = {
			isa = XCSwiftPackageProductDependency;
			package = A555A60A273383910008A80A /* XCRemoteSwiftPackageReference "jwt-kit" */;
			productName = JWTKit;
		};
/* End XCSwiftPackageProductDependency section */
	};
	rootObject = A5D7AD3F27029DBC00B4068F /* Project object */;
}
